
Microsoft Visual Studio Solution File, Format Version 12.00
# Visual Studio 15
VisualStudioVersion = 15.0.28307.539
MinimumVisualStudioVersion = 10.0.40219.1
Project("{9A19103F-16F7-4668-BE54-9A1E7A4F7556}") = "GoBike.ServerCommander.API", "GoBike.ServerCommander.API\GoBike.ServerCommander.API.csproj", "{14DF89F5-CB7A-4E8F-BB47-EFA08841AFA9}"
EndProject
Project("{FAE04EC0-301F-11D3-BF4B-00C04F79EFBC}") = "GoBike.ServerCommander.Service", "GoBike.ServerCommander.Service\GoBike.ServerCommander.Service.csproj", "{338B59BA-FFBB-4B54-BFB2-402FC938E4A1}"
EndProject
Project("{FAE04EC0-301F-11D3-BF4B-00C04F79EFBC}") = "GoBike.ServerCommander.Core", "GoBike.ServerCommander.Core\GoBike.ServerCommander.Core.csproj", "{0A4FDB91-A1FD-4607-9FF1-4D2D7DEF3EE1}"
EndProject
Global
	GlobalSection(SolutionConfigurationPlatforms) = preSolution
		Debug|Any CPU = Debug|Any CPU
		Release|Any CPU = Release|Any CPU
	EndGlobalSection
	GlobalSection(ProjectConfigurationPlatforms) = postSolution
		{14DF89F5-CB7A-4E8F-BB47-EFA08841AFA9}.Debug|Any CPU.ActiveCfg = Debug|Any CPU
		{14DF89F5-CB7A-4E8F-BB47-EFA08841AFA9}.Debug|Any CPU.Build.0 = Debug|Any CPU
		{14DF89F5-CB7A-4E8F-BB47-EFA08841AFA9}.Release|Any CPU.ActiveCfg = Release|Any CPU
		{14DF89F5-CB7A-4E8F-BB47-EFA08841AFA9}.Release|Any CPU.Build.0 = Release|Any CPU
		{338B59BA-FFBB-4B54-BFB2-402FC938E4A1}.Debug|Any CPU.ActiveCfg = Debug|Any CPU
		{338B59BA-FFBB-4B54-BFB2-402FC938E4A1}.Debug|Any CPU.Build.0 = Debug|Any CPU
		{338B59BA-FFBB-4B54-BFB2-402FC938E4A1}.Release|Any CPU.ActiveCfg = Release|Any CPU
		{338B59BA-FFBB-4B54-BFB2-402FC938E4A1}.Release|Any CPU.Build.0 = Release|Any CPU
		{0A4FDB91-A1FD-4607-9FF1-4D2D7DEF3EE1}.Debug|Any CPU.ActiveCfg = Debug|Any CPU
		{0A4FDB91-A1FD-4607-9FF1-4D2D7DEF3EE1}.Debug|Any CPU.Build.0 = Debug|Any CPU
		{0A4FDB91-A1FD-4607-9FF1-4D2D7DEF3EE1}.Release|Any CPU.ActiveCfg = Release|Any CPU
		{0A4FDB91-A1FD-4607-9FF1-4D2D7DEF3EE1}.Release|Any CPU.Build.0 = Release|Any CPU
	EndGlobalSection
	GlobalSection(SolutionProperties) = preSolution
		HideSolutionNode = FALSE
	EndGlobalSection
	GlobalSection(ExtensibilityGlobals) = postSolution
		SolutionGuid = {3F3C10CC-346C-4373-9972-BCE78F600474}
	EndGlobalSection
EndGlobal
